# THIS IS AN AUTOGENERATED FILE. DO NOT EDIT THIS FILE DIRECTLY.
# yarn lockfile v1


"@autoit-gui-skeleton/ags-wrapper-binary-call@^1.0.2":
  version "1.0.2"
  resolved "https://registry.yarnpkg.com/@autoit-gui-skeleton/ags-wrapper-binary-call/-/ags-wrapper-binary-call-1.0.2.tgz#44411014608dad03d61b02b96a9b6fbba6fd2cf7"
